// !$*UTF8*$!
{
	archiveVersion = 1;
	classes = {
	};
	objectVersion = 48;
	objects = {

/* Begin PBXBuildFile section */
		43FFDC87AF971B10F3DFE5B7 /* Pods_mobe03UITests.framework in Frameworks */ = {isa = PBXBuildFile; fileRef = 0EA93C50071B6C8BB39B38B6 /* Pods_mobe03UITests.framework */; };
		D57A2A731FE91B6E008B1712 /* AppDelegate.swift in Sources */ = {isa = PBXBuildFile; fileRef = D57A2A721FE91B6E008B1712 /* AppDelegate.swift */; };
		D57A2A751FE91B6E008B1712 /* HomeController.swift in Sources */ = {isa = PBXBuildFile; fileRef = D57A2A741FE91B6E008B1712 /* HomeController.swift */; };
		D57A2A781FE91B6E008B1712 /* Main.storyboard in Resources */ = {isa = PBXBuildFile; fileRef = D57A2A761FE91B6E008B1712 /* Main.storyboard */; };
		D57A2A7A1FE91B6E008B1712 /* Assets.xcassets in Resources */ = {isa = PBXBuildFile; fileRef = D57A2A791FE91B6E008B1712 /* Assets.xcassets */; };
		D57A2A7D1FE91B6E008B1712 /* LaunchScreen.storyboard in Resources */ = {isa = PBXBuildFile; fileRef = D57A2A7B1FE91B6E008B1712 /* LaunchScreen.storyboard */; };
		D57A2A881FE91B6F008B1712 /* mobe03Tests.swift in Sources */ = {isa = PBXBuildFile; fileRef = D57A2A871FE91B6F008B1712 /* mobe03Tests.swift */; };
		D57A2A931FE91B6F008B1712 /* mobe03UITests.swift in Sources */ = {isa = PBXBuildFile; fileRef = D57A2A921FE91B6F008B1712 /* mobe03UITests.swift */; };
		D57A2AA21FE91E0C008B1712 /* LoginController.swift in Sources */ = {isa = PBXBuildFile; fileRef = D57A2AA11FE91E0C008B1712 /* LoginController.swift */; };
		D57A2AA41FE92312008B1712 /* GoogleService-Info.plist in Resources */ = {isa = PBXBuildFile; fileRef = D57A2AA31FE92312008B1712 /* GoogleService-Info.plist */; };
		D59F2ECF1FEBBD0A00C811D5 /* MenuBar.swift in Sources */ = {isa = PBXBuildFile; fileRef = D59F2ECE1FEBBD0A00C811D5 /* MenuBar.swift */; };
		D59F2ED11FEBCCA600C811D5 /* SubscriptionCell.swift in Sources */ = {isa = PBXBuildFile; fileRef = D59F2ED01FEBCCA600C811D5 /* SubscriptionCell.swift */; };
		D5BFC1231FEA78CE0071C9D2 /* AddSubscriptionController.swift in Sources */ = {isa = PBXBuildFile; fileRef = D5BFC1221FEA78CE0071C9D2 /* AddSubscriptionController.swift */; };
		D5BFC1261FEA95EE0071C9D2 /* Subscription.swift in Sources */ = {isa = PBXBuildFile; fileRef = D5BFC1251FEA95EE0071C9D2 /* Subscription.swift */; };
		D5EACC3F1FEB35BA00E45C09 /* SingleSubController.swift in Sources */ = {isa = PBXBuildFile; fileRef = D5EACC3E1FEB35BA00E45C09 /* SingleSubController.swift */; };
		D5EDB01E1FEAE0A100B9F567 /* TabBarController.swift in Sources */ = {isa = PBXBuildFile; fileRef = D5EDB01D1FEAE0A100B9F567 /* TabBarController.swift */; };
		D5F6DF381FEBF0900075CCFE /* Extensions.swift in Sources */ = {isa = PBXBuildFile; fileRef = D5F6DF371FEBF0900075CCFE /* Extensions.swift */; };
		D5F6DF3D1FEC14670075CCFE /* Roboto-Black.ttf in Resources */ = {isa = PBXBuildFile; fileRef = D5F6DF3C1FEC14660075CCFE /* Roboto-Black.ttf */; };
		D5F6DF3F1FEC149E0075CCFE /* Roboto-BlackItalic.ttf in Resources */ = {isa = PBXBuildFile; fileRef = D5F6DF3E1FEC149E0075CCFE /* Roboto-BlackItalic.ttf */; };
		D5F6DF411FEC14A60075CCFE /* Roboto-Bold.ttf in Resources */ = {isa = PBXBuildFile; fileRef = D5F6DF401FEC14A60075CCFE /* Roboto-Bold.ttf */; };
		D5F6DF431FEC14AB0075CCFE /* Roboto-BoldItalic.ttf in Resources */ = {isa = PBXBuildFile; fileRef = D5F6DF421FEC14AB0075CCFE /* Roboto-BoldItalic.ttf */; };
		D5F6DF451FEC14AE0075CCFE /* Roboto-Italic.ttf in Resources */ = {isa = PBXBuildFile; fileRef = D5F6DF441FEC14AE0075CCFE /* Roboto-Italic.ttf */; };
		D5F6DF471FEC14B10075CCFE /* Roboto-LightItalic.ttf in Resources */ = {isa = PBXBuildFile; fileRef = D5F6DF461FEC14B10075CCFE /* Roboto-LightItalic.ttf */; };
		D5F6DF491FEC14B30075CCFE /* Roboto-Medium.ttf in Resources */ = {isa = PBXBuildFile; fileRef = D5F6DF481FEC14B30075CCFE /* Roboto-Medium.ttf */; };
		D5F6DF4B1FEC14B50075CCFE /* Roboto-MediumItalic.ttf in Resources */ = {isa = PBXBuildFile; fileRef = D5F6DF4A1FEC14B50075CCFE /* Roboto-MediumItalic.ttf */; };
		D5F6DF4D1FEC14B70075CCFE /* Roboto-Regular.ttf in Resources */ = {isa = PBXBuildFile; fileRef = D5F6DF4C1FEC14B70075CCFE /* Roboto-Regular.ttf */; };
		D5F6DF4F1FEC14B90075CCFE /* Roboto-Thin.ttf in Resources */ = {isa = PBXBuildFile; fileRef = D5F6DF4E1FEC14B90075CCFE /* Roboto-Thin.ttf */; };
		D5F6DF511FEC14BB0075CCFE /* Roboto-Light.ttf in Resources */ = {isa = PBXBuildFile; fileRef = D5F6DF501FEC14BB0075CCFE /* Roboto-Light.ttf */; };
		D5F6DF531FEC14BE0075CCFE /* Roboto-ThinItalic.ttf in Resources */ = {isa = PBXBuildFile; fileRef = D5F6DF521FEC14BD0075CCFE /* Roboto-ThinItalic.ttf */; };
		F9AB00F7FEBF3D58736C6EA9 /* Pods_mobe03Tests.framework in Frameworks */ = {isa = PBXBuildFile; fileRef = 467520EA63207C0DB90E87ED /* Pods_mobe03Tests.framework */; };
		FE5B6C163480ECE785BF9C1F /* Pods_mobe03.framework in Frameworks */ = {isa = PBXBuildFile; fileRef = 5795B7CA3AD19319A60EFD36 /* Pods_mobe03.framework */; };
/* End PBXBuildFile section */

/* Begin PBXContainerItemProxy section */
		D57A2A841FE91B6F008B1712 /* PBXContainerItemProxy */ = {
			isa = PBXContainerItemProxy;
			containerPortal = D57A2A671FE91B6E008B1712 /* Project object */;
			proxyType = 1;
			remoteGlobalIDString = D57A2A6E1FE91B6E008B1712;
			remoteInfo = mobe03;
		};
		D57A2A8F1FE91B6F008B1712 /* PBXContainerItemProxy */ = {
			isa = PBXContainerItemProxy;
			containerPortal = D57A2A671FE91B6E008B1712 /* Project object */;
			proxyType = 1;
			remoteGlobalIDString = D57A2A6E1FE91B6E008B1712;
			remoteInfo = mobe03;
		};
/* End PBXContainerItemProxy section */

/* Begin PBXFileReference section */
		06B86DABABFEE89A2814E2C2 /* Pods-mobe03Tests.release.xcconfig */ = {isa = PBXFileReference; includeInIndex = 1; lastKnownFileType = text.xcconfig; name = "Pods-mobe03Tests.release.xcconfig"; path = "Pods/Target Support Files/Pods-mobe03Tests/Pods-mobe03Tests.release.xcconfig"; sourceTree = "<group>"; };
		0EA93C50071B6C8BB39B38B6 /* Pods_mobe03UITests.framework */ = {isa = PBXFileReference; explicitFileType = wrapper.framework; includeInIndex = 0; path = Pods_mobe03UITests.framework; sourceTree = BUILT_PRODUCTS_DIR; };
		467520EA63207C0DB90E87ED /* Pods_mobe03Tests.framework */ = {isa = PBXFileReference; explicitFileType = wrapper.framework; includeInIndex = 0; path = Pods_mobe03Tests.framework; sourceTree = BUILT_PRODUCTS_DIR; };
		5302CD29EF24C221434A8175 /* Pods-mobe03.release.xcconfig */ = {isa = PBXFileReference; includeInIndex = 1; lastKnownFileType = text.xcconfig; name = "Pods-mobe03.release.xcconfig"; path = "Pods/Target Support Files/Pods-mobe03/Pods-mobe03.release.xcconfig"; sourceTree = "<group>"; };
		5795B7CA3AD19319A60EFD36 /* Pods_mobe03.framework */ = {isa = PBXFileReference; explicitFileType = wrapper.framework; includeInIndex = 0; path = Pods_mobe03.framework; sourceTree = BUILT_PRODUCTS_DIR; };
		8B9473B70967CE1A41DD8888 /* Pods-mobe03Tests.debug.xcconfig */ = {isa = PBXFileReference; includeInIndex = 1; lastKnownFileType = text.xcconfig; name = "Pods-mobe03Tests.debug.xcconfig"; path = "Pods/Target Support Files/Pods-mobe03Tests/Pods-mobe03Tests.debug.xcconfig"; sourceTree = "<group>"; };
		A9B61E875E5C275EBD2BF059 /* Pods-mobe03.debug.xcconfig */ = {isa = PBXFileReference; includeInIndex = 1; lastKnownFileType = text.xcconfig; name = "Pods-mobe03.debug.xcconfig"; path = "Pods/Target Support Files/Pods-mobe03/Pods-mobe03.debug.xcconfig"; sourceTree = "<group>"; };
		B3340436BD6638815C4545C1 /* Pods-mobe03UITests.release.xcconfig */ = {isa = PBXFileReference; includeInIndex = 1; lastKnownFileType = text.xcconfig; name = "Pods-mobe03UITests.release.xcconfig"; path = "Pods/Target Support Files/Pods-mobe03UITests/Pods-mobe03UITests.release.xcconfig"; sourceTree = "<group>"; };
		B692944B6C1916FA0BDB9CF5 /* Pods-mobe03UITests.debug.xcconfig */ = {isa = PBXFileReference; includeInIndex = 1; lastKnownFileType = text.xcconfig; name = "Pods-mobe03UITests.debug.xcconfig"; path = "Pods/Target Support Files/Pods-mobe03UITests/Pods-mobe03UITests.debug.xcconfig"; sourceTree = "<group>"; };
		D57A2A6F1FE91B6E008B1712 /* mobe03.app */ = {isa = PBXFileReference; explicitFileType = wrapper.application; includeInIndex = 0; path = mobe03.app; sourceTree = BUILT_PRODUCTS_DIR; };
		D57A2A721FE91B6E008B1712 /* AppDelegate.swift */ = {isa = PBXFileReference; lastKnownFileType = sourcecode.swift; path = AppDelegate.swift; sourceTree = "<group>"; };
		D57A2A741FE91B6E008B1712 /* HomeController.swift */ = {isa = PBXFileReference; lastKnownFileType = sourcecode.swift; path = HomeController.swift; sourceTree = "<group>"; };
		D57A2A771FE91B6E008B1712 /* Base */ = {isa = PBXFileReference; lastKnownFileType = file.storyboard; name = Base; path = Base.lproj/Main.storyboard; sourceTree = "<group>"; };
		D57A2A791FE91B6E008B1712 /* Assets.xcassets */ = {isa = PBXFileReference; lastKnownFileType = folder.assetcatalog; path = Assets.xcassets; sourceTree = "<group>"; };
		D57A2A7C1FE91B6E008B1712 /* Base */ = {isa = PBXFileReference; lastKnownFileType = file.storyboard; name = Base; path = Base.lproj/LaunchScreen.storyboard; sourceTree = "<group>"; };
		D57A2A7E1FE91B6E008B1712 /* Info.plist */ = {isa = PBXFileReference; lastKnownFileType = text.plist.xml; path = Info.plist; sourceTree = "<group>"; };
		D57A2A831FE91B6F008B1712 /* mobe03Tests.xctest */ = {isa = PBXFileReference; explicitFileType = wrapper.cfbundle; includeInIndex = 0; path = mobe03Tests.xctest; sourceTree = BUILT_PRODUCTS_DIR; };
		D57A2A871FE91B6F008B1712 /* mobe03Tests.swift */ = {isa = PBXFileReference; lastKnownFileType = sourcecode.swift; path = mobe03Tests.swift; sourceTree = "<group>"; };
		D57A2A891FE91B6F008B1712 /* Info.plist */ = {isa = PBXFileReference; lastKnownFileType = text.plist.xml; path = Info.plist; sourceTree = "<group>"; };
		D57A2A8E1FE91B6F008B1712 /* mobe03UITests.xctest */ = {isa = PBXFileReference; explicitFileType = wrapper.cfbundle; includeInIndex = 0; path = mobe03UITests.xctest; sourceTree = BUILT_PRODUCTS_DIR; };
		D57A2A921FE91B6F008B1712 /* mobe03UITests.swift */ = {isa = PBXFileReference; lastKnownFileType = sourcecode.swift; path = mobe03UITests.swift; sourceTree = "<group>"; };
		D57A2A941FE91B6F008B1712 /* Info.plist */ = {isa = PBXFileReference; lastKnownFileType = text.plist.xml; path = Info.plist; sourceTree = "<group>"; };
		D57A2AA11FE91E0C008B1712 /* LoginController.swift */ = {isa = PBXFileReference; lastKnownFileType = sourcecode.swift; path = LoginController.swift; sourceTree = "<group>"; };
		D57A2AA31FE92312008B1712 /* GoogleService-Info.plist */ = {isa = PBXFileReference; fileEncoding = 4; lastKnownFileType = text.plist.xml; name = "GoogleService-Info.plist"; path = "../../../../../Desktop/GoogleService-Info.plist"; sourceTree = "<group>"; };
		D59F2ECE1FEBBD0A00C811D5 /* MenuBar.swift */ = {isa = PBXFileReference; lastKnownFileType = sourcecode.swift; path = MenuBar.swift; sourceTree = "<group>"; };
		D59F2ED01FEBCCA600C811D5 /* SubscriptionCell.swift */ = {isa = PBXFileReference; lastKnownFileType = sourcecode.swift; path = SubscriptionCell.swift; sourceTree = "<group>"; };
		D5BFC1221FEA78CE0071C9D2 /* AddSubscriptionController.swift */ = {isa = PBXFileReference; lastKnownFileType = sourcecode.swift; path = AddSubscriptionController.swift; sourceTree = "<group>"; };
		D5BFC1251FEA95EE0071C9D2 /* Subscription.swift */ = {isa = PBXFileReference; lastKnownFileType = sourcecode.swift; path = Subscription.swift; sourceTree = "<group>"; };
		D5EACC3E1FEB35BA00E45C09 /* SingleSubController.swift */ = {isa = PBXFileReference; lastKnownFileType = sourcecode.swift; path = SingleSubController.swift; sourceTree = "<group>"; };
		D5EDB01D1FEAE0A100B9F567 /* TabBarController.swift */ = {isa = PBXFileReference; lastKnownFileType = sourcecode.swift; path = TabBarController.swift; sourceTree = "<group>"; };
		D5F6DF371FEBF0900075CCFE /* Extensions.swift */ = {isa = PBXFileReference; lastKnownFileType = sourcecode.swift; path = Extensions.swift; sourceTree = "<group>"; };
		D5F6DF3C1FEC14660075CCFE /* Roboto-Black.ttf */ = {isa = PBXFileReference; lastKnownFileType = file; path = "Roboto-Black.ttf"; sourceTree = "<group>"; };
		D5F6DF3E1FEC149E0075CCFE /* Roboto-BlackItalic.ttf */ = {isa = PBXFileReference; lastKnownFileType = file; path = "Roboto-BlackItalic.ttf"; sourceTree = "<group>"; };
		D5F6DF401FEC14A60075CCFE /* Roboto-Bold.ttf */ = {isa = PBXFileReference; lastKnownFileType = file; path = "Roboto-Bold.ttf"; sourceTree = "<group>"; };
		D5F6DF421FEC14AB0075CCFE /* Roboto-BoldItalic.ttf */ = {isa = PBXFileReference; lastKnownFileType = file; path = "Roboto-BoldItalic.ttf"; sourceTree = "<group>"; };
		D5F6DF441FEC14AE0075CCFE /* Roboto-Italic.ttf */ = {isa = PBXFileReference; lastKnownFileType = file; path = "Roboto-Italic.ttf"; sourceTree = "<group>"; };
		D5F6DF461FEC14B10075CCFE /* Roboto-LightItalic.ttf */ = {isa = PBXFileReference; lastKnownFileType = file; path = "Roboto-LightItalic.ttf"; sourceTree = "<group>"; };
		D5F6DF481FEC14B30075CCFE /* Roboto-Medium.ttf */ = {isa = PBXFileReference; lastKnownFileType = file; path = "Roboto-Medium.ttf"; sourceTree = "<group>"; };
		D5F6DF4A1FEC14B50075CCFE /* Roboto-MediumItalic.ttf */ = {isa = PBXFileReference; lastKnownFileType = file; path = "Roboto-MediumItalic.ttf"; sourceTree = "<group>"; };
		D5F6DF4C1FEC14B70075CCFE /* Roboto-Regular.ttf */ = {isa = PBXFileReference; lastKnownFileType = file; path = "Roboto-Regular.ttf"; sourceTree = "<group>"; };
		D5F6DF4E1FEC14B90075CCFE /* Roboto-Thin.ttf */ = {isa = PBXFileReference; lastKnownFileType = file; path = "Roboto-Thin.ttf"; sourceTree = "<group>"; };
		D5F6DF501FEC14BB0075CCFE /* Roboto-Light.ttf */ = {isa = PBXFileReference; lastKnownFileType = file; path = "Roboto-Light.ttf"; sourceTree = "<group>"; };
		D5F6DF521FEC14BD0075CCFE /* Roboto-ThinItalic.ttf */ = {isa = PBXFileReference; lastKnownFileType = file; path = "Roboto-ThinItalic.ttf"; sourceTree = "<group>"; };
/* End PBXFileReference section */

/* Begin PBXFrameworksBuildPhase section */
		D57A2A6C1FE91B6E008B1712 /* Frameworks */ = {
			isa = PBXFrameworksBuildPhase;
			buildActionMask = 2147483647;
			files = (
				FE5B6C163480ECE785BF9C1F /* Pods_mobe03.framework in Frameworks */,
			);
			runOnlyForDeploymentPostprocessing = 0;
		};
		D57A2A801FE91B6F008B1712 /* Frameworks */ = {
			isa = PBXFrameworksBuildPhase;
			buildActionMask = 2147483647;
			files = (
				F9AB00F7FEBF3D58736C6EA9 /* Pods_mobe03Tests.framework in Frameworks */,
			);
			runOnlyForDeploymentPostprocessing = 0;
		};
		D57A2A8B1FE91B6F008B1712 /* Frameworks */ = {
			isa = PBXFrameworksBuildPhase;
			buildActionMask = 2147483647;
			files = (
				43FFDC87AF971B10F3DFE5B7 /* Pods_mobe03UITests.framework in Frameworks */,
			);
			runOnlyForDeploymentPostprocessing = 0;
		};
/* End PBXFrameworksBuildPhase section */

/* Begin PBXGroup section */
		2022A68164B365FD3A656B7A /* Pods */ = {
			isa = PBXGroup;
			children = (
				A9B61E875E5C275EBD2BF059 /* Pods-mobe03.debug.xcconfig */,
				5302CD29EF24C221434A8175 /* Pods-mobe03.release.xcconfig */,
				8B9473B70967CE1A41DD8888 /* Pods-mobe03Tests.debug.xcconfig */,
				06B86DABABFEE89A2814E2C2 /* Pods-mobe03Tests.release.xcconfig */,
				B692944B6C1916FA0BDB9CF5 /* Pods-mobe03UITests.debug.xcconfig */,
				B3340436BD6638815C4545C1 /* Pods-mobe03UITests.release.xcconfig */,
			);
			name = Pods;
			sourceTree = "<group>";
		};
		7EE9162895CEF06E0DA51939 /* Frameworks */ = {
			isa = PBXGroup;
			children = (
				5795B7CA3AD19319A60EFD36 /* Pods_mobe03.framework */,
				467520EA63207C0DB90E87ED /* Pods_mobe03Tests.framework */,
				0EA93C50071B6C8BB39B38B6 /* Pods_mobe03UITests.framework */,
			);
			name = Frameworks;
			sourceTree = "<group>";
		};
		D57A2A661FE91B6E008B1712 = {
			isa = PBXGroup;
			children = (
				D57A2A711FE91B6E008B1712 /* mobe03 */,
				D57A2A861FE91B6F008B1712 /* mobe03Tests */,
				D57A2A911FE91B6F008B1712 /* mobe03UITests */,
				D57A2A701FE91B6E008B1712 /* Products */,
				2022A68164B365FD3A656B7A /* Pods */,
				7EE9162895CEF06E0DA51939 /* Frameworks */,
			);
			sourceTree = "<group>";
		};
		D57A2A701FE91B6E008B1712 /* Products */ = {
			isa = PBXGroup;
			children = (
				D57A2A6F1FE91B6E008B1712 /* mobe03.app */,
				D57A2A831FE91B6F008B1712 /* mobe03Tests.xctest */,
				D57A2A8E1FE91B6F008B1712 /* mobe03UITests.xctest */,
			);
			name = Products;
			sourceTree = "<group>";
		};
		D57A2A711FE91B6E008B1712 /* mobe03 */ = {
			isa = PBXGroup;
			children = (
				D5F6DF391FEC13C70075CCFE /* Fonts */,
				D5F6DF361FEBF0750075CCFE /* Helpers */,
				D59F2ECD1FEBBCDA00C811D5 /* View */,
				D5BFC1241FEA95C80071C9D2 /* Model */,
				D57A2AA01FE91B78008B1712 /* Controllers */,
				D57A2A721FE91B6E008B1712 /* AppDelegate.swift */,
				D57A2A761FE91B6E008B1712 /* Main.storyboard */,
				D57A2A791FE91B6E008B1712 /* Assets.xcassets */,
				D57A2A7B1FE91B6E008B1712 /* LaunchScreen.storyboard */,
				D57A2A7E1FE91B6E008B1712 /* Info.plist */,
				D57A2AA31FE92312008B1712 /* GoogleService-Info.plist */,
			);
			path = mobe03;
			sourceTree = "<group>";
		};
		D57A2A861FE91B6F008B1712 /* mobe03Tests */ = {
			isa = PBXGroup;
			children = (
				D57A2A871FE91B6F008B1712 /* mobe03Tests.swift */,
				D57A2A891FE91B6F008B1712 /* Info.plist */,
			);
			path = mobe03Tests;
			sourceTree = "<group>";
		};
		D57A2A911FE91B6F008B1712 /* mobe03UITests */ = {
			isa = PBXGroup;
			children = (
				D57A2A921FE91B6F008B1712 /* mobe03UITests.swift */,
				D57A2A941FE91B6F008B1712 /* Info.plist */,
			);
			path = mobe03UITests;
			sourceTree = "<group>";
		};
		D57A2AA01FE91B78008B1712 /* Controllers */ = {
			isa = PBXGroup;
			children = (
				D57A2AA11FE91E0C008B1712 /* LoginController.swift */,
				D57A2A741FE91B6E008B1712 /* HomeController.swift */,
				D5EDB01D1FEAE0A100B9F567 /* TabBarController.swift */,
				D5BFC1221FEA78CE0071C9D2 /* AddSubscriptionController.swift */,
				D5EACC3E1FEB35BA00E45C09 /* SingleSubController.swift */,
			);
			path = Controllers;
			sourceTree = "<group>";
		};
		D59F2ECD1FEBBCDA00C811D5 /* View */ = {
			isa = PBXGroup;
			children = (
				D59F2ECE1FEBBD0A00C811D5 /* MenuBar.swift */,
				D59F2ED01FEBCCA600C811D5 /* SubscriptionCell.swift */,
			);
			path = View;
			sourceTree = "<group>";
		};
		D5BFC1241FEA95C80071C9D2 /* Model */ = {
			isa = PBXGroup;
			children = (
				D5BFC1251FEA95EE0071C9D2 /* Subscription.swift */,
			);
			path = Model;
			sourceTree = "<group>";
		};
		D5F6DF361FEBF0750075CCFE /* Helpers */ = {
			isa = PBXGroup;
			children = (
				D5F6DF371FEBF0900075CCFE /* Extensions.swift */,
			);
			path = Helpers;
			sourceTree = "<group>";
		};
		D5F6DF391FEC13C70075CCFE /* Fonts */ = {
			isa = PBXGroup;
			children = (
				D5F6DF571FEC15010075CCFE /* Roboto */,
			);
			path = Fonts;
			sourceTree = "<group>";
		};
		D5F6DF571FEC15010075CCFE /* Roboto */ = {
			isa = PBXGroup;
			children = (
				D5F6DF521FEC14BD0075CCFE /* Roboto-ThinItalic.ttf */,
				D5F6DF501FEC14BB0075CCFE /* Roboto-Light.ttf */,
				D5F6DF4E1FEC14B90075CCFE /* Roboto-Thin.ttf */,
				D5F6DF4C1FEC14B70075CCFE /* Roboto-Regular.ttf */,
				D5F6DF4A1FEC14B50075CCFE /* Roboto-MediumItalic.ttf */,
				D5F6DF481FEC14B30075CCFE /* Roboto-Medium.ttf */,
				D5F6DF461FEC14B10075CCFE /* Roboto-LightItalic.ttf */,
				D5F6DF441FEC14AE0075CCFE /* Roboto-Italic.ttf */,
				D5F6DF421FEC14AB0075CCFE /* Roboto-BoldItalic.ttf */,
				D5F6DF401FEC14A60075CCFE /* Roboto-Bold.ttf */,
				D5F6DF3E1FEC149E0075CCFE /* Roboto-BlackItalic.ttf */,
				D5F6DF3C1FEC14660075CCFE /* Roboto-Black.ttf */,
			);
			path = Roboto;
			sourceTree = "<group>";
		};
/* End PBXGroup section */

/* Begin PBXNativeTarget section */
		D57A2A6E1FE91B6E008B1712 /* mobe03 */ = {
			isa = PBXNativeTarget;
			buildConfigurationList = D57A2A971FE91B6F008B1712 /* Build configuration list for PBXNativeTarget "mobe03" */;
			buildPhases = (
				E856FB00C8DACCA6FB82EA6B /* [CP] Check Pods Manifest.lock */,
				D57A2A6B1FE91B6E008B1712 /* Sources */,
				D57A2A6C1FE91B6E008B1712 /* Frameworks */,
				D57A2A6D1FE91B6E008B1712 /* Resources */,
				A1F71462C2FF42B66DE459A6 /* [CP] Embed Pods Frameworks */,
				98D2E48FB3D1E5FA2A2166C9 /* [CP] Copy Pods Resources */,
			);
			buildRules = (
			);
			dependencies = (
			);
			name = mobe03;
			productName = mobe03;
			productReference = D57A2A6F1FE91B6E008B1712 /* mobe03.app */;
			productType = "com.apple.product-type.application";
		};
		D57A2A821FE91B6F008B1712 /* mobe03Tests */ = {
			isa = PBXNativeTarget;
			buildConfigurationList = D57A2A9A1FE91B6F008B1712 /* Build configuration list for PBXNativeTarget "mobe03Tests" */;
			buildPhases = (
				16F5B3A33C08F87C419B67EF /* [CP] Check Pods Manifest.lock */,
				D57A2A7F1FE91B6F008B1712 /* Sources */,
				D57A2A801FE91B6F008B1712 /* Frameworks */,
				D57A2A811FE91B6F008B1712 /* Resources */,
				2CF49E941AC189051DBBF795 /* [CP] Embed Pods Frameworks */,
				AFCD12CA26ED3C588DE98FD3 /* [CP] Copy Pods Resources */,
			);
			buildRules = (
			);
			dependencies = (
				D57A2A851FE91B6F008B1712 /* PBXTargetDependency */,
			);
			name = mobe03Tests;
			productName = mobe03Tests;
			productReference = D57A2A831FE91B6F008B1712 /* mobe03Tests.xctest */;
			productType = "com.apple.product-type.bundle.unit-test";
		};
		D57A2A8D1FE91B6F008B1712 /* mobe03UITests */ = {
			isa = PBXNativeTarget;
			buildConfigurationList = D57A2A9D1FE91B6F008B1712 /* Build configuration list for PBXNativeTarget "mobe03UITests" */;
			buildPhases = (
				8E04DBCEDEB70346F2032B60 /* [CP] Check Pods Manifest.lock */,
				D57A2A8A1FE91B6F008B1712 /* Sources */,
				D57A2A8B1FE91B6F008B1712 /* Frameworks */,
				D57A2A8C1FE91B6F008B1712 /* Resources */,
				81BA88806C018E25D1E4C0A0 /* [CP] Embed Pods Frameworks */,
				D9F96FC4E5C82CAFF26BE7EB /* [CP] Copy Pods Resources */,
			);
			buildRules = (
			);
			dependencies = (
				D57A2A901FE91B6F008B1712 /* PBXTargetDependency */,
			);
			name = mobe03UITests;
			productName = mobe03UITests;
			productReference = D57A2A8E1FE91B6F008B1712 /* mobe03UITests.xctest */;
			productType = "com.apple.product-type.bundle.ui-testing";
		};
/* End PBXNativeTarget section */

/* Begin PBXProject section */
		D57A2A671FE91B6E008B1712 /* Project object */ = {
			isa = PBXProject;
			attributes = {
				LastSwiftUpdateCheck = 0920;
				LastUpgradeCheck = 0920;
				ORGANIZATIONNAME = "Hadrien Lepoutre";
				TargetAttributes = {
					D57A2A6E1FE91B6E008B1712 = {
						CreatedOnToolsVersion = 9.2;
						ProvisioningStyle = Automatic;
						SystemCapabilities = {
							com.apple.Keychain = {
								enabled = 0;
							};
						};
					};
					D57A2A821FE91B6F008B1712 = {
						CreatedOnToolsVersion = 9.2;
						ProvisioningStyle = Automatic;
						TestTargetID = D57A2A6E1FE91B6E008B1712;
					};
					D57A2A8D1FE91B6F008B1712 = {
						CreatedOnToolsVersion = 9.2;
						ProvisioningStyle = Automatic;
						TestTargetID = D57A2A6E1FE91B6E008B1712;
					};
				};
			};
			buildConfigurationList = D57A2A6A1FE91B6E008B1712 /* Build configuration list for PBXProject "mobe03" */;
			compatibilityVersion = "Xcode 8.0";
			developmentRegion = en;
			hasScannedForEncodings = 0;
			knownRegions = (
				en,
				Base,
			);
			mainGroup = D57A2A661FE91B6E008B1712;
			productRefGroup = D57A2A701FE91B6E008B1712 /* Products */;
			projectDirPath = "";
			projectRoot = "";
			targets = (
				D57A2A6E1FE91B6E008B1712 /* mobe03 */,
				D57A2A821FE91B6F008B1712 /* mobe03Tests */,
				D57A2A8D1FE91B6F008B1712 /* mobe03UITests */,
			);
		};
/* End PBXProject section */

/* Begin PBXResourcesBuildPhase section */
		D57A2A6D1FE91B6E008B1712 /* Resources */ = {
			isa = PBXResourcesBuildPhase;
			buildActionMask = 2147483647;
			files = (
				D5F6DF3D1FEC14670075CCFE /* Roboto-Black.ttf in Resources */,
				D5F6DF3F1FEC149E0075CCFE /* Roboto-BlackItalic.ttf in Resources */,
				D5F6DF4D1FEC14B70075CCFE /* Roboto-Regular.ttf in Resources */,
				D5F6DF511FEC14BB0075CCFE /* Roboto-Light.ttf in Resources */,
				D5F6DF531FEC14BE0075CCFE /* Roboto-ThinItalic.ttf in Resources */,
				D5F6DF4F1FEC14B90075CCFE /* Roboto-Thin.ttf in Resources */,
				D5F6DF4B1FEC14B50075CCFE /* Roboto-MediumItalic.ttf in Resources */,
				D5F6DF491FEC14B30075CCFE /* Roboto-Medium.ttf in Resources */,
				D5F6DF471FEC14B10075CCFE /* Roboto-LightItalic.ttf in Resources */,
				D5F6DF451FEC14AE0075CCFE /* Roboto-Italic.ttf in Resources */,
				D5F6DF431FEC14AB0075CCFE /* Roboto-BoldItalic.ttf in Resources */,
				D5F6DF411FEC14A60075CCFE /* Roboto-Bold.ttf in Resources */,
				D57A2A7D1FE91B6E008B1712 /* LaunchScreen.storyboard in Resources */,
				D57A2AA41FE92312008B1712 /* GoogleService-Info.plist in Resources */,
				D57A2A7A1FE91B6E008B1712 /* Assets.xcassets in Resources */,
				D57A2A781FE91B6E008B1712 /* Main.storyboard in Resources */,
			);
			runOnlyForDeploymentPostprocessing = 0;
		};
		D57A2A811FE91B6F008B1712 /* Resources */ = {
			isa = PBXResourcesBuildPhase;
			buildActionMask = 2147483647;
			files = (
			);
			runOnlyForDeploymentPostprocessing = 0;
		};
		D57A2A8C1FE91B6F008B1712 /* Resources */ = {
			isa = PBXResourcesBuildPhase;
			buildActionMask = 2147483647;
			files = (
			);
			runOnlyForDeploymentPostprocessing = 0;
		};
/* End PBXResourcesBuildPhase section */

/* Begin PBXShellScriptBuildPhase section */
		16F5B3A33C08F87C419B67EF /* [CP] Check Pods Manifest.lock */ = {
			isa = PBXShellScriptBuildPhase;
			buildActionMask = 2147483647;
			files = (
			);
			inputPaths = (
				"${PODS_PODFILE_DIR_PATH}/Podfile.lock",
				"${PODS_ROOT}/Manifest.lock",
			);
			name = "[CP] Check Pods Manifest.lock";
			outputPaths = (
				"$(DERIVED_FILE_DIR)/Pods-mobe03Tests-checkManifestLockResult.txt",
			);
			runOnlyForDeploymentPostprocessing = 0;
			shellPath = /bin/sh;
			shellScript = "diff \"${PODS_PODFILE_DIR_PATH}/Podfile.lock\" \"${PODS_ROOT}/Manifest.lock\" > /dev/null\nif [ $? != 0 ] ; then\n    # print error to STDERR\n    echo \"error: The sandbox is not in sync with the Podfile.lock. Run 'pod install' or update your CocoaPods installation.\" >&2\n    exit 1\nfi\n# This output is used by Xcode 'outputs' to avoid re-running this script phase.\necho \"SUCCESS\" > \"${SCRIPT_OUTPUT_FILE_0}\"\n";
			showEnvVarsInLog = 0;
		};
		2CF49E941AC189051DBBF795 /* [CP] Embed Pods Frameworks */ = {
			isa = PBXShellScriptBuildPhase;
			buildActionMask = 2147483647;
			files = (
			);
			inputPaths = (
			);
			name = "[CP] Embed Pods Frameworks";
			outputPaths = (
			);
			runOnlyForDeploymentPostprocessing = 0;
			shellPath = /bin/sh;
			shellScript = "\"${SRCROOT}/Pods/Target Support Files/Pods-mobe03Tests/Pods-mobe03Tests-frameworks.sh\"\n";
			showEnvVarsInLog = 0;
		};
		81BA88806C018E25D1E4C0A0 /* [CP] Embed Pods Frameworks */ = {
			isa = PBXShellScriptBuildPhase;
			buildActionMask = 2147483647;
			files = (
			);
			inputPaths = (
			);
			name = "[CP] Embed Pods Frameworks";
			outputPaths = (
			);
			runOnlyForDeploymentPostprocessing = 0;
			shellPath = /bin/sh;
			shellScript = "\"${SRCROOT}/Pods/Target Support Files/Pods-mobe03UITests/Pods-mobe03UITests-frameworks.sh\"\n";
			showEnvVarsInLog = 0;
		};
		8E04DBCEDEB70346F2032B60 /* [CP] Check Pods Manifest.lock */ = {
			isa = PBXShellScriptBuildPhase;
			buildActionMask = 2147483647;
			files = (
			);
			inputPaths = (
				"${PODS_PODFILE_DIR_PATH}/Podfile.lock",
				"${PODS_ROOT}/Manifest.lock",
			);
			name = "[CP] Check Pods Manifest.lock";
			outputPaths = (
				"$(DERIVED_FILE_DIR)/Pods-mobe03UITests-checkManifestLockResult.txt",
			);
			runOnlyForDeploymentPostprocessing = 0;
			shellPath = /bin/sh;
			shellScript = "diff \"${PODS_PODFILE_DIR_PATH}/Podfile.lock\" \"${PODS_ROOT}/Manifest.lock\" > /dev/null\nif [ $? != 0 ] ; then\n    # print error to STDERR\n    echo \"error: The sandbox is not in sync with the Podfile.lock. Run 'pod install' or update your CocoaPods installation.\" >&2\n    exit 1\nfi\n# This output is used by Xcode 'outputs' to avoid re-running this script phase.\necho \"SUCCESS\" > \"${SCRIPT_OUTPUT_FILE_0}\"\n";
			showEnvVarsInLog = 0;
		};
		98D2E48FB3D1E5FA2A2166C9 /* [CP] Copy Pods Resources */ = {
			isa = PBXShellScriptBuildPhase;
			buildActionMask = 2147483647;
			files = (
			);
			inputPaths = (
				"${SRCROOT}/Pods/Target Support Files/Pods-mobe03/Pods-mobe03-resources.sh",
				"${PODS_CONFIGURATION_BUILD_DIR}/FirebaseUI/FirebaseAuthUI.bundle",
				"${PODS_CONFIGURATION_BUILD_DIR}/FirebaseUI/FirebaseFacebookAuthUI.bundle",
			);
			name = "[CP] Copy Pods Resources";
			outputPaths = (
				"${TARGET_BUILD_DIR}/${UNLOCALIZED_RESOURCES_FOLDER_PATH}/FirebaseAuthUI.bundle",
				"${TARGET_BUILD_DIR}/${UNLOCALIZED_RESOURCES_FOLDER_PATH}/FirebaseFacebookAuthUI.bundle",
			);
			runOnlyForDeploymentPostprocessing = 0;
			shellPath = /bin/sh;
			shellScript = "\"${SRCROOT}/Pods/Target Support Files/Pods-mobe03/Pods-mobe03-resources.sh\"\n";
			showEnvVarsInLog = 0;
		};
		A1F71462C2FF42B66DE459A6 /* [CP] Embed Pods Frameworks */ = {
			isa = PBXShellScriptBuildPhase;
			buildActionMask = 2147483647;
			files = (
			);
			inputPaths = (
				"${SRCROOT}/Pods/Target Support Files/Pods-mobe03/Pods-mobe03-frameworks.sh",
				"${BUILT_PRODUCTS_DIR}/Bolts/Bolts.framework",
				"${BUILT_PRODUCTS_DIR}/FBSDKCoreKit/FBSDKCoreKit.framework",
				"${BUILT_PRODUCTS_DIR}/FBSDKLoginKit/FBSDKLoginKit.framework",
				"${BUILT_PRODUCTS_DIR}/GTMSessionFetcher/GTMSessionFetcher.framework",
				"${BUILT_PRODUCTS_DIR}/GoogleToolboxForMac/GoogleToolboxForMac.framework",
				"${BUILT_PRODUCTS_DIR}/leveldb-library/leveldb.framework",
				"${BUILT_PRODUCTS_DIR}/nanopb/nanopb.framework",
			);
			name = "[CP] Embed Pods Frameworks";
			outputPaths = (
				"${TARGET_BUILD_DIR}/${FRAMEWORKS_FOLDER_PATH}/Bolts.framework",
				"${TARGET_BUILD_DIR}/${FRAMEWORKS_FOLDER_PATH}/FBSDKCoreKit.framework",
				"${TARGET_BUILD_DIR}/${FRAMEWORKS_FOLDER_PATH}/FBSDKLoginKit.framework",
				"${TARGET_BUILD_DIR}/${FRAMEWORKS_FOLDER_PATH}/GTMSessionFetcher.framework",
				"${TARGET_BUILD_DIR}/${FRAMEWORKS_FOLDER_PATH}/GoogleToolboxForMac.framework",
				"${TARGET_BUILD_DIR}/${FRAMEWORKS_FOLDER_PATH}/leveldb.framework",
				"${TARGET_BUILD_DIR}/${FRAMEWORKS_FOLDER_PATH}/nanopb.framework",
			);
			runOnlyForDeploymentPostprocessing = 0;
			shellPath = /bin/sh;
			shellScript = "\"${SRCROOT}/Pods/Target Support Files/Pods-mobe03/Pods-mobe03-frameworks.sh\"\n";
			showEnvVarsInLog = 0;
		};
		AFCD12CA26ED3C588DE98FD3 /* [CP] Copy Pods Resources */ = {
			isa = PBXShellScriptBuildPhase;
			buildActionMask = 2147483647;
			files = (
			);
			inputPaths = (
			);
			name = "[CP] Copy Pods Resources";
			outputPaths = (
			);
			runOnlyForDeploymentPostprocessing = 0;
			shellPath = /bin/sh;
			shellScript = "\"${SRCROOT}/Pods/Target Support Files/Pods-mobe03Tests/Pods-mobe03Tests-resources.sh\"\n";
			showEnvVarsInLog = 0;
		};
		D9F96FC4E5C82CAFF26BE7EB /* [CP] Copy Pods Resources */ = {
			isa = PBXShellScriptBuildPhase;
			buildActionMask = 2147483647;
			files = (
			);
			inputPaths = (
			);
			name = "[CP] Copy Pods Resources";
			outputPaths = (
			);
			runOnlyForDeploymentPostprocessing = 0;
			shellPath = /bin/sh;
			shellScript = "\"${SRCROOT}/Pods/Target Support Files/Pods-mobe03UITests/Pods-mobe03UITests-resources.sh\"\n";
			showEnvVarsInLog = 0;
		};
		E856FB00C8DACCA6FB82EA6B /* [CP] Check Pods Manifest.lock */ = {
			isa = PBXShellScriptBuildPhase;
			buildActionMask = 2147483647;
			files = (
			);
			inputPaths = (
				"${PODS_PODFILE_DIR_PATH}/Podfile.lock",
				"${PODS_ROOT}/Manifest.lock",
			);
			name = "[CP] Check Pods Manifest.lock";
			outputPaths = (
				"$(DERIVED_FILE_DIR)/Pods-mobe03-checkManifestLockResult.txt",
			);
			runOnlyForDeploymentPostprocessing = 0;
			shellPath = /bin/sh;
			shellScript = "diff \"${PODS_PODFILE_DIR_PATH}/Podfile.lock\" \"${PODS_ROOT}/Manifest.lock\" > /dev/null\nif [ $? != 0 ] ; then\n    # print error to STDERR\n    echo \"error: The sandbox is not in sync with the Podfile.lock. Run 'pod install' or update your CocoaPods installation.\" >&2\n    exit 1\nfi\n# This output is used by Xcode 'outputs' to avoid re-running this script phase.\necho \"SUCCESS\" > \"${SCRIPT_OUTPUT_FILE_0}\"\n";
			showEnvVarsInLog = 0;
		};
/* End PBXShellScriptBuildPhase section */

/* Begin PBXSourcesBuildPhase section */
		D57A2A6B1FE91B6E008B1712 /* Sources */ = {
			isa = PBXSourcesBuildPhase;
			buildActionMask = 2147483647;
			files = (
				D5BFC1231FEA78CE0071C9D2 /* AddSubscriptionController.swift in Sources */,
				D59F2ED11FEBCCA600C811D5 /* SubscriptionCell.swift in Sources */,
				D57A2A751FE91B6E008B1712 /* HomeController.swift in Sources */,
				D57A2AA21FE91E0C008B1712 /* LoginController.swift in Sources */,
				D5EACC3F1FEB35BA00E45C09 /* SingleSubController.swift in Sources */,
				D59F2ECF1FEBBD0A00C811D5 /* MenuBar.swift in Sources */,
				D5EDB01E1FEAE0A100B9F567 /* TabBarController.swift in Sources */,
				D5F6DF381FEBF0900075CCFE /* Extensions.swift in Sources */,
				D57A2A731FE91B6E008B1712 /* AppDelegate.swift in Sources */,
				D5BFC1261FEA95EE0071C9D2 /* Subscription.swift in Sources */,
			);
			runOnlyForDeploymentPostprocessing = 0;
		};
		D57A2A7F1FE91B6F008B1712 /* Sources */ = {
			isa = PBXSourcesBuildPhase;
			buildActionMask = 2147483647;
			files = (
				D57A2A881FE91B6F008B1712 /* mobe03Tests.swift in Sources */,
			);
			runOnlyForDeploymentPostprocessing = 0;
		};
		D57A2A8A1FE91B6F008B1712 /* Sources */ = {
			isa = PBXSourcesBuildPhase;
			buildActionMask = 2147483647;
			files = (
				D57A2A931FE91B6F008B1712 /* mobe03UITests.swift in Sources */,
			);
			runOnlyForDeploymentPostprocessing = 0;
		};
/* End PBXSourcesBuildPhase section */

/* Begin PBXTargetDependency section */
		D57A2A851FE91B6F008B1712 /* PBXTargetDependency */ = {
			isa = PBXTargetDependency;
			target = D57A2A6E1FE91B6E008B1712 /* mobe03 */;
			targetProxy = D57A2A841FE91B6F008B1712 /* PBXContainerItemProxy */;
		};
		D57A2A901FE91B6F008B1712 /* PBXTargetDependency */ = {
			isa = PBXTargetDependency;
			target = D57A2A6E1FE91B6E008B1712 /* mobe03 */;
			targetProxy = D57A2A8F1FE91B6F008B1712 /* PBXContainerItemProxy */;
		};
/* End PBXTargetDependency section */

/* Begin PBXVariantGroup section */
		D57A2A761FE91B6E008B1712 /* Main.storyboard */ = {
			isa = PBXVariantGroup;
			children = (
				D57A2A771FE91B6E008B1712 /* Base */,
			);
			name = Main.storyboard;
			sourceTree = "<group>";
		};
		D57A2A7B1FE91B6E008B1712 /* LaunchScreen.storyboard */ = {
			isa = PBXVariantGroup;
			children = (
				D57A2A7C1FE91B6E008B1712 /* Base */,
			);
			name = LaunchScreen.storyboard;
			sourceTree = "<group>";
		};
/* End PBXVariantGroup section */

/* Begin XCBuildConfiguration section */
		D57A2A951FE91B6F008B1712 /* Debug */ = {
			isa = XCBuildConfiguration;
			buildSettings = {
				ALWAYS_SEARCH_USER_PATHS = NO;
				CLANG_ANALYZER_NONNULL = YES;
				CLANG_ANALYZER_NUMBER_OBJECT_CONVERSION = YES_AGGRESSIVE;
				CLANG_CXX_LANGUAGE_STANDARD = "gnu++14";
				CLANG_CXX_LIBRARY = "libc++";
				CLANG_ENABLE_MODULES = YES;
				CLANG_ENABLE_OBJC_ARC = YES;
				CLANG_WARN_BLOCK_CAPTURE_AUTORELEASING = YES;
				CLANG_WARN_BOOL_CONVERSION = YES;
				CLANG_WARN_COMMA = YES;
				CLANG_WARN_CONSTANT_CONVERSION = YES;
				CLANG_WARN_DIRECT_OBJC_ISA_USAGE = YES_ERROR;
				CLANG_WARN_DOCUMENTATION_COMMENTS = YES;
				CLANG_WARN_EMPTY_BODY = YES;
				CLANG_WARN_ENUM_CONVERSION = YES;
				CLANG_WARN_INFINITE_RECURSION = YES;
				CLANG_WARN_INT_CONVERSION = YES;
				CLANG_WARN_NON_LITERAL_NULL_CONVERSION = YES;
				CLANG_WARN_OBJC_LITERAL_CONVERSION = YES;
				CLANG_WARN_OBJC_ROOT_CLASS = YES_ERROR;
				CLANG_WARN_RANGE_LOOP_ANALYSIS = YES;
				CLANG_WARN_STRICT_PROTOTYPES = YES;
				CLANG_WARN_SUSPICIOUS_MOVE = YES;
				CLANG_WARN_UNGUARDED_AVAILABILITY = YES_AGGRESSIVE;
				CLANG_WARN_UNREACHABLE_CODE = YES;
				CLANG_WARN__DUPLICATE_METHOD_MATCH = YES;
				CODE_SIGN_IDENTITY = "iPhone Developer";
				COPY_PHASE_STRIP = NO;
				DEBUG_INFORMATION_FORMAT = dwarf;
				ENABLE_STRICT_OBJC_MSGSEND = YES;
				ENABLE_TESTABILITY = YES;
				GCC_C_LANGUAGE_STANDARD = gnu11;
				GCC_DYNAMIC_NO_PIC = NO;
				GCC_NO_COMMON_BLOCKS = YES;
				GCC_OPTIMIZATION_LEVEL = 0;
				GCC_PREPROCESSOR_DEFINITIONS = (
					"DEBUG=1",
					"$(inherited)",
				);
				GCC_WARN_64_TO_32_BIT_CONVERSION = YES;
				GCC_WARN_ABOUT_RETURN_TYPE = YES_ERROR;
				GCC_WARN_UNDECLARED_SELECTOR = YES;
				GCC_WARN_UNINITIALIZED_AUTOS = YES_AGGRESSIVE;
				GCC_WARN_UNUSED_FUNCTION = YES;
				GCC_WARN_UNUSED_VARIABLE = YES;
				IPHONEOS_DEPLOYMENT_TARGET = 11.2;
				MTL_ENABLE_DEBUG_INFO = YES;
				ONLY_ACTIVE_ARCH = YES;
				SDKROOT = iphoneos;
				SWIFT_ACTIVE_COMPILATION_CONDITIONS = DEBUG;
				SWIFT_OPTIMIZATION_LEVEL = "-Onone";
			};
			name = Debug;
		};
		D57A2A961FE91B6F008B1712 /* Release */ = {
			isa = XCBuildConfiguration;
			buildSettings = {
				ALWAYS_SEARCH_USER_PATHS = NO;
				CLANG_ANALYZER_NONNULL = YES;
				CLANG_ANALYZER_NUMBER_OBJECT_CONVERSION = YES_AGGRESSIVE;
				CLANG_CXX_LANGUAGE_STANDARD = "gnu++14";
				CLANG_CXX_LIBRARY = "libc++";
				CLANG_ENABLE_MODULES = YES;
				CLANG_ENABLE_OBJC_ARC = YES;
				CLANG_WARN_BLOCK_CAPTURE_AUTORELEASING = YES;
				CLANG_WARN_BOOL_CONVERSION = YES;
				CLANG_WARN_COMMA = YES;
				CLANG_WARN_CONSTANT_CONVERSION = YES;
				CLANG_WARN_DIRECT_OBJC_ISA_USAGE = YES_ERROR;
				CLANG_WARN_DOCUMENTATION_COMMENTS = YES;
				CLANG_WARN_EMPTY_BODY = YES;
				CLANG_WARN_ENUM_CONVERSION = YES;
				CLANG_WARN_INFINITE_RECURSION = YES;
				CLANG_WARN_INT_CONVERSION = YES;
				CLANG_WARN_NON_LITERAL_NULL_CONVERSION = YES;
				CLANG_WARN_OBJC_LITERAL_CONVERSION = YES;
				CLANG_WARN_OBJC_ROOT_CLASS = YES_ERROR;
				CLANG_WARN_RANGE_LOOP_ANALYSIS = YES;
				CLANG_WARN_STRICT_PROTOTYPES = YES;
				CLANG_WARN_SUSPICIOUS_MOVE = YES;
				CLANG_WARN_UNGUARDED_AVAILABILITY = YES_AGGRESSIVE;
				CLANG_WARN_UNREACHABLE_CODE = YES;
				CLANG_WARN__DUPLICATE_METHOD_MATCH = YES;
				CODE_SIGN_IDENTITY = "iPhone Developer";
				COPY_PHASE_STRIP = NO;
				DEBUG_INFORMATION_FORMAT = "dwarf-with-dsym";
				ENABLE_NS_ASSERTIONS = NO;
				ENABLE_STRICT_OBJC_MSGSEND = YES;
				GCC_C_LANGUAGE_STANDARD = gnu11;
				GCC_NO_COMMON_BLOCKS = YES;
				GCC_WARN_64_TO_32_BIT_CONVERSION = YES;
				GCC_WARN_ABOUT_RETURN_TYPE = YES_ERROR;
				GCC_WARN_UNDECLARED_SELECTOR = YES;
				GCC_WARN_UNINITIALIZED_AUTOS = YES_AGGRESSIVE;
				GCC_WARN_UNUSED_FUNCTION = YES;
				GCC_WARN_UNUSED_VARIABLE = YES;
				IPHONEOS_DEPLOYMENT_TARGET = 11.2;
				MTL_ENABLE_DEBUG_INFO = NO;
				SDKROOT = iphoneos;
				SWIFT_OPTIMIZATION_LEVEL = "-Owholemodule";
				VALIDATE_PRODUCT = YES;
			};
			name = Release;
		};
		D57A2A981FE91B6F008B1712 /* Debug */ = {
			isa = XCBuildConfiguration;
			baseConfigurationReference = A9B61E875E5C275EBD2BF059 /* Pods-mobe03.debug.xcconfig */;
			buildSettings = {
				ASSETCATALOG_COMPILER_APPICON_NAME = AppIcon;
				CODE_SIGN_STYLE = Automatic;
				DEVELOPMENT_TEAM = ZZU3W9MX9T;
				INFOPLIST_FILE = mobe03/Info.plist;
				LD_RUNPATH_SEARCH_PATHS = "$(inherited) @executable_path/Frameworks";
				PRODUCT_BUNDLE_IDENTIFIER = hadrien.lepoutre.mobe03;
				PRODUCT_NAME = "$(TARGET_NAME)";
				SWIFT_VERSION = 4.0;
				TARGETED_DEVICE_FAMILY = "1,2";
			};
			name = Debug;
		};
		D57A2A991FE91B6F008B1712 /* Release */ = {
			isa = XCBuildConfiguration;
			baseConfigurationReference = 5302CD29EF24C221434A8175 /* Pods-mobe03.release.xcconfig */;
			buildSettings = {
				ASSETCATALOG_COMPILER_APPICON_NAME = AppIcon;
				CODE_SIGN_STYLE = Automatic;
				DEVELOPMENT_TEAM = ZZU3W9MX9T;
				INFOPLIST_FILE = mobe03/Info.plist;
				LD_RUNPATH_SEARCH_PATHS = "$(inherited) @executable_path/Frameworks";
				PRODUCT_BUNDLE_IDENTIFIER = hadrien.lepoutre.mobe03;
				PRODUCT_NAME = "$(TARGET_NAME)";
				SWIFT_VERSION = 4.0;
				TARGETED_DEVICE_FAMILY = "1,2";
			};
			name = Release;
		};
		D57A2A9B1FE91B6F008B1712 /* Debug */ = {
			isa = XCBuildConfiguration;
			baseConfigurationReference = 8B9473B70967CE1A41DD8888 /* Pods-mobe03Tests.debug.xcconfig */;
			buildSettings = {
				ALWAYS_EMBED_SWIFT_STANDARD_LIBRARIES = YES;
				BUNDLE_LOADER = "$(TEST_HOST)";
				CODE_SIGN_STYLE = Automatic;
				INFOPLIST_FILE = mobe03Tests/Info.plist;
				LD_RUNPATH_SEARCH_PATHS = "$(inherited) @executable_path/Frameworks @loader_path/Frameworks";
				PRODUCT_BUNDLE_IDENTIFIER = hadrien.lepoutre.mobe03Tests;
				PRODUCT_NAME = "$(TARGET_NAME)";
				SWIFT_VERSION = 4.0;
				TARGETED_DEVICE_FAMILY = "1,2";
				TEST_HOST = "$(BUILT_PRODUCTS_DIR)/mobe03.app/mobe03";
			};
			name = Debug;
		};
		D57A2A9C1FE91B6F008B1712 /* Release */ = {
			isa = XCBuildConfiguration;
			baseConfigurationReference = 06B86DABABFEE89A2814E2C2 /* Pods-mobe03Tests.release.xcconfig */;
			buildSettings = {
				ALWAYS_EMBED_SWIFT_STANDARD_LIBRARIES = YES;
				BUNDLE_LOADER = "$(TEST_HOST)";
				CODE_SIGN_STYLE = Automatic;
				INFOPLIST_FILE = mobe03Tests/Info.plist;
				LD_RUNPATH_SEARCH_PATHS = "$(inherited) @executable_path/Frameworks @loader_path/Frameworks";
				PRODUCT_BUNDLE_IDENTIFIER = hadrien.lepoutre.mobe03Tests;
				PRODUCT_NAME = "$(TARGET_NAME)";
				SWIFT_VERSION = 4.0;
				TARGETED_DEVICE_FAMILY = "1,2";
				TEST_HOST = "$(BUILT_PRODUCTS_DIR)/mobe03.app/mobe03";
			};
			name = Release;
		};
		D57A2A9E1FE91B6F008B1712 /* Debug */ = {
			isa = XCBuildConfiguration;
			baseConfigurationReference = B692944B6C1916FA0BDB9CF5 /* Pods-mobe03UITests.debug.xcconfig */;
			buildSettings = {
				ALWAYS_EMBED_SWIFT_STANDARD_LIBRARIES = YES;
				CODE_SIGN_STYLE = Automatic;
				INFOPLIST_FILE = mobe03UITests/Info.plist;
				LD_RUNPATH_SEARCH_PATHS = "$(inherited) @executable_path/Frameworks @loader_path/Frameworks";
				PRODUCT_BUNDLE_IDENTIFIER = hadrien.lepoutre.mobe03UITests;
				PRODUCT_NAME = "$(TARGET_NAME)";
				SWIFT_VERSION = 4.0;
				TARGETED_DEVICE_FAMILY = "1,2";
				TEST_TARGET_NAME = mobe03;
			};
			name = Debug;
		};
		D57A2A9F1FE91B6F008B1712 /* Release */ = {
			isa = XCBuildConfiguration;
			baseConfigurationReference = B3340436BD6638815C4545C1 /* Pods-mobe03UITests.release.xcconfig */;
			buildSettings = {
				ALWAYS_EMBED_SWIFT_STANDARD_LIBRARIES = YES;
				CODE_SIGN_STYLE = Automatic;
				INFOPLIST_FILE = mobe03UITests/Info.plist;
				LD_RUNPATH_SEARCH_PATHS = "$(inherited) @executable_path/Frameworks @loader_path/Frameworks";
				PRODUCT_BUNDLE_IDENTIFIER = hadrien.lepoutre.mobe03UITests;
				PRODUCT_NAME = "$(TARGET_NAME)";
				SWIFT_VERSION = 4.0;
				TARGETED_DEVICE_FAMILY = "1,2";
				TEST_TARGET_NAME = mobe03;
			};
			name = Release;
		};
/* End XCBuildConfiguration section */

/* Begin XCConfigurationList section */
		D57A2A6A1FE91B6E008B1712 /* Build configuration list for PBXProject "mobe03" */ = {
			isa = XCConfigurationList;
			buildConfigurations = (
				D57A2A951FE91B6F008B1712 /* Debug */,
				D57A2A961FE91B6F008B1712 /* Release */,
			);
			defaultConfigurationIsVisible = 0;
			defaultConfigurationName = Release;
		};
		D57A2A971FE91B6F008B1712 /* Build configuration list for PBXNativeTarget "mobe03" */ = {
			isa = XCConfigurationList;
			buildConfigurations = (
				D57A2A981FE91B6F008B1712 /* Debug */,
				D57A2A991FE91B6F008B1712 /* Release */,
			);
			defaultConfigurationIsVisible = 0;
			defaultConfigurationName = Release;
		};
		D57A2A9A1FE91B6F008B1712 /* Build configuration list for PBXNativeTarget "mobe03Tests" */ = {
			isa = XCConfigurationList;
			buildConfigurations = (
				D57A2A9B1FE91B6F008B1712 /* Debug */,
				D57A2A9C1FE91B6F008B1712 /* Release */,
			);
			defaultConfigurationIsVisible = 0;
			defaultConfigurationName = Release;
		};
		D57A2A9D1FE91B6F008B1712 /* Build configuration list for PBXNativeTarget "mobe03UITests" */ = {
			isa = XCConfigurationList;
			buildConfigurations = (
				D57A2A9E1FE91B6F008B1712 /* Debug */,
				D57A2A9F1FE91B6F008B1712 /* Release */,
			);
			defaultConfigurationIsVisible = 0;
			defaultConfigurationName = Release;
		};
/* End XCConfigurationList section */
	};
	rootObject = D57A2A671FE91B6E008B1712 /* Project object */;
}
